
Microsoft Visual Studio Solution File, Format Version 12.00
# Visual Studio Version 17
VisualStudioVersion = 17.2.32602.215
MinimumVisualStudioVersion = 10.0.40219.1
Project("{FAE04EC0-301F-11D3-BF4B-00C04F79EFBC}") = "ClientUI", "ClientUI\ClientUI.csproj", "{C80A52B4-59DE-434C-B611-55522018A113}"
EndProject
Project("{FAE04EC0-301F-11D3-BF4B-00C04F79EFBC}") = "Sales", "Sales\Sales.csproj", "{8AABB9BF-1C55-498F-8F3C-3F8C89ED74A5}"
EndProject
Global
	GlobalSection(SolutionConfigurationPlatforms) = preSolution
		Debug|Any CPU = Debug|Any CPU
		Release|Any CPU = Release|Any CPU
	EndGlobalSection
	GlobalSection(ProjectConfigurationPlatforms) = postSolution
		{C80A52B4-59DE-434C-B611-55522018A113}.Debug|Any CPU.ActiveCfg = Debug|Any CPU
		{C80A52B4-59DE-434C-B611-55522018A113}.Debug|Any CPU.Build.0 = Debug|Any CPU
		{C80A52B4-59DE-434C-B611-55522018A113}.Release|Any CPU.ActiveCfg = Release|Any CPU
		{C80A52B4-59DE-434C-B611-55522018A113}.Release|Any CPU.Build.0 = Release|Any CPU
		{8AABB9BF-1C55-498F-8F3C-3F8C89ED74A5}.Debug|Any CPU.ActiveCfg = Debug|Any CPU
		{8AABB9BF-1C55-498F-8F3C-3F8C89ED74A5}.Debug|Any CPU.Build.0 = Debug|Any CPU
		{8AABB9BF-1C55-498F-8F3C-3F8C89ED74A5}.Release|Any CPU.ActiveCfg = Release|Any CPU
		{8AABB9BF-1C55-498F-8F3C-3F8C89ED74A5}.Release|Any CPU.Build.0 = Release|Any CPU
	EndGlobalSection
	GlobalSection(SolutionProperties) = preSolution
		HideSolutionNode = FALSE
	EndGlobalSection
	GlobalSection(ExtensibilityGlobals) = postSolution
		SolutionGuid = {F5A69A2D-AFD9-4B00-8957-7AEC0F5C385D}
	EndGlobalSection
EndGlobal
